
Microsoft Visual Studio Solution File, Format Version 12.00
# Visual Studio Version 17
VisualStudioVersion = 17.14.36915.13 d17.14
MinimumVisualStudioVersion = 10.0.40219.1
Project("{FAE04EC0-301F-11D3-BF4B-00C04F79EFBC}") = "final_poe_part1", "final_poe_part1.csproj", "{B9AA2A50-B38B-4D50-AFE7-4E50FF96F3EB}"
EndProject
Global
	GlobalSection(SolutionConfigurationPlatforms) = preSolution
		Debug|Any CPU = Debug|Any CPU
		Release|Any CPU = Release|Any CPU
	EndGlobalSection
	GlobalSection(ProjectConfigurationPlatforms) = postSolution
		{B9AA2A50-B38B-4D50-AFE7-4E50FF96F3EB}.Debug|Any CPU.ActiveCfg = Debug|Any CPU
		{B9AA2A50-B38B-4D50-AFE7-4E50FF96F3EB}.Debug|Any CPU.Build.0 = Debug|Any CPU
		{B9AA2A50-B38B-4D50-AFE7-4E50FF96F3EB}.Release|Any CPU.ActiveCfg = Release|Any CPU
		{B9AA2A50-B38B-4D50-AFE7-4E50FF96F3EB}.Release|Any CPU.Build.0 = Release|Any CPU
	EndGlobalSection
	GlobalSection(SolutionProperties) = preSolution
		HideSolutionNode = FALSE
	EndGlobalSection
	GlobalSection(ExtensibilityGlobals) = postSolution
		SolutionGuid = {C7858E82-8496-4FE7-9A68-DBB4C0A5C868}
	EndGlobalSection
EndGlobal
